// !$*UTF8*$!
{
	archiveVersion = 1;
	classes = {
	};
	objectVersion = 55;
	objects = {

/* Begin PBXBuildFile section */
		95452AB627DF850400A47D81 /* CWInflux.swift in Sources */ = {isa = PBXBuildFile; fileRef = 95452AB527DF850400A47D81 /* CWInflux.swift */; };
		95452AC727DF8DA400A47D81 /* WriteApi+Async.swift in Sources */ = {isa = PBXBuildFile; fileRef = 95452AC627DF8DA400A47D81 /* WriteApi+Async.swift */; };
		95452ACD27DF91F600A47D81 /* InfluxDBSwift in Frameworks */ = {isa = PBXBuildFile; productRef = 95452ACC27DF91F600A47D81 /* InfluxDBSwift */; };
		95452ACE27DF921200A47D81 /* CoreWLAN.framework in Frameworks */ = {isa = PBXBuildFile; fileRef = 95452AC427DF890800A47D81 /* CoreWLAN.framework */; };
		95452AD227DF971100A47D81 /* CWEventDelegate.swift in Sources */ = {isa = PBXBuildFile; fileRef = 95452AD127DF971100A47D81 /* CWEventDelegate.swift */; };
		95452AD827DFD4FB00A47D81 /* ArgumentParser in Frameworks */ = {isa = PBXBuildFile; productRef = 95452AD727DFD4FB00A47D81 /* ArgumentParser */; };
/* End PBXBuildFile section */

/* Begin PBXCopyFilesBuildPhase section */
		95452AB027DF850400A47D81 /* CopyFiles */ = {
			isa = PBXCopyFilesBuildPhase;
			buildActionMask = 2147483647;
			dstPath = /usr/share/man/man1/;
			dstSubfolderSpec = 0;
			files = (
			);
			runOnlyForDeploymentPostprocessing = 1;
		};
/* End PBXCopyFilesBuildPhase section */

/* Begin PBXFileReference section */
		95452AB227DF850400A47D81 /* CWInflux */ = {isa = PBXFileReference; explicitFileType = "compiled.mach-o.executable"; includeInIndex = 0; path = CWInflux; sourceTree = BUILT_PRODUCTS_DIR; };
		95452AB527DF850400A47D81 /* CWInflux.swift */ = {isa = PBXFileReference; lastKnownFileType = sourcecode.swift; path = CWInflux.swift; sourceTree = "<group>"; };
		95452ABC27DF851600A47D81 /* CWInflux.entitlements */ = {isa = PBXFileReference; lastKnownFileType = text.plist.entitlements; path = CWInflux.entitlements; sourceTree = "<group>"; };
		95452AC427DF890800A47D81 /* CoreWLAN.framework */ = {isa = PBXFileReference; lastKnownFileType = wrapper.framework; name = CoreWLAN.framework; path = System/Library/Frameworks/CoreWLAN.framework; sourceTree = SDKROOT; };
		95452AC627DF8DA400A47D81 /* WriteApi+Async.swift */ = {isa = PBXFileReference; lastKnownFileType = sourcecode.swift; path = "WriteApi+Async.swift"; sourceTree = "<group>"; };
		95452AD027DF966200A47D81 /* Info.plist */ = {isa = PBXFileReference; lastKnownFileType = text.plist.xml; path = Info.plist; sourceTree = "<group>"; };
		95452AD127DF971100A47D81 /* CWEventDelegate.swift */ = {isa = PBXFileReference; lastKnownFileType = sourcecode.swift; path = CWEventDelegate.swift; sourceTree = "<group>"; };
/* End PBXFileReference section */

/* Begin PBXFrameworksBuildPhase section */
		95452AAF27DF850400A47D81 /* Frameworks */ = {
			isa = PBXFrameworksBuildPhase;
			buildActionMask = 2147483647;
			files = (
				95452AD827DFD4FB00A47D81 /* ArgumentParser in Frameworks */,
				95452ACE27DF921200A47D81 /* CoreWLAN.framework in Frameworks */,
				95452ACD27DF91F600A47D81 /* InfluxDBSwift in Frameworks */,
			);
			runOnlyForDeploymentPostprocessing = 0;
		};
/* End PBXFrameworksBuildPhase section */

/* Begin PBXGroup section */
		95452AA927DF850400A47D81 = {
			isa = PBXGroup;
			children = (
				95452AB427DF850400A47D81 /* CWInflux */,
				95452AB327DF850400A47D81 /* Products */,
				95452AC327DF890700A47D81 /* Frameworks */,
			);
			sourceTree = "<group>";
		};
		95452AB327DF850400A47D81 /* Products */ = {
			isa = PBXGroup;
			children = (
				95452AB227DF850400A47D81 /* CWInflux */,
			);
			name = Products;
			sourceTree = "<group>";
		};
		95452AB427DF850400A47D81 /* CWInflux */ = {
			isa = PBXGroup;
			children = (
				95452ABC27DF851600A47D81 /* CWInflux.entitlements */,
				95452AB527DF850400A47D81 /* CWInflux.swift */,
				95452AC627DF8DA400A47D81 /* WriteApi+Async.swift */,
				95452AD027DF966200A47D81 /* Info.plist */,
				95452AD127DF971100A47D81 /* CWEventDelegate.swift */,
			);
			path = CWInflux;
			sourceTree = "<group>";
		};
		95452AC327DF890700A47D81 /* Frameworks */ = {
			isa = PBXGroup;
			children = (
				95452AC427DF890800A47D81 /* CoreWLAN.framework */,
			);
			name = Frameworks;
			sourceTree = "<group>";
		};
/* End PBXGroup section */

/* Begin PBXNativeTarget section */
		95452AB127DF850400A47D81 /* CWInflux */ = {
			isa = PBXNativeTarget;
			buildConfigurationList = 95452AB927DF850400A47D81 /* Build configuration list for PBXNativeTarget "CWInflux" */;
			buildPhases = (
				95452AAE27DF850400A47D81 /* Sources */,
				95452AAF27DF850400A47D81 /* Frameworks */,
				95452AB027DF850400A47D81 /* CopyFiles */,
			);
			buildRules = (
			);
			dependencies = (
				95452ACB27DF8FB900A47D81 /* PBXTargetDependency */,
				95452AC927DF8FB600A47D81 /* PBXTargetDependency */,
			);
			name = CWInflux;
			packageProductDependencies = (
				95452ACC27DF91F600A47D81 /* InfluxDBSwift */,
				95452AD727DFD4FB00A47D81 /* ArgumentParser */,
			);
			productName = CWInflux;
			productReference = 95452AB227DF850400A47D81 /* CWInflux */;
			productType = "com.apple.product-type.tool";
		};
/* End PBXNativeTarget section */

/* Begin PBXProject section */
		95452AAA27DF850400A47D81 /* Project object */ = {
			isa = PBXProject;
			attributes = {
				BuildIndependentTargetsInParallel = 1;
				LastSwiftUpdateCheck = 1330;
				LastUpgradeCheck = 1330;
				TargetAttributes = {
					95452AB127DF850400A47D81 = {
						CreatedOnToolsVersion = 13.3;
					};
				};
			};
			buildConfigurationList = 95452AAD27DF850400A47D81 /* Build configuration list for PBXProject "CWInflux" */;
			compatibilityVersion = "Xcode 13.0";
			developmentRegion = en;
			hasScannedForEncodings = 0;
			knownRegions = (
				en,
				Base,
			);
			mainGroup = 95452AA927DF850400A47D81;
			packageReferences = (
				95452AC027DF860C00A47D81 /* XCRemoteSwiftPackageReference "influxdb-client-swift" */,
				95452AD627DFD4FB00A47D81 /* XCRemoteSwiftPackageReference "swift-argument-parser" */,
			);
			productRefGroup = 95452AB327DF850400A47D81 /* Products */;
			projectDirPath = "";
			projectRoot = "";
			targets = (
				95452AB127DF850400A47D81 /* CWInflux */,
			);
		};
/* End PBXProject section */

/* Begin PBXSourcesBuildPhase section */
		95452AAE27DF850400A47D81 /* Sources */ = {
			isa = PBXSourcesBuildPhase;
			buildActionMask = 2147483647;
			files = (
				95452AD227DF971100A47D81 /* CWEventDelegate.swift in Sources */,
				95452AB627DF850400A47D81 /* CWInflux.swift in Sources */,
				95452AC727DF8DA400A47D81 /* WriteApi+Async.swift in Sources */,
			);
			runOnlyForDeploymentPostprocessing = 0;
		};
/* End PBXSourcesBuildPhase section */

/* Begin PBXTargetDependency section */
		95452AC927DF8FB600A47D81 /* PBXTargetDependency */ = {
			isa = PBXTargetDependency;
			productRef = 95452AC827DF8FB600A47D81 /* ArgumentParser */;
		};
		95452ACB27DF8FB900A47D81 /* PBXTargetDependency */ = {
			isa = PBXTargetDependency;
			productRef = 95452ACA27DF8FB900A47D81 /* InfluxDBSwift */;
		};
/* End PBXTargetDependency section */

/* Begin XCBuildConfiguration section */
		95452AB727DF850400A47D81 /* Debug */ = {
			isa = XCBuildConfiguration;
			buildSettings = {
				ALWAYS_SEARCH_USER_PATHS = NO;
				CLANG_ANALYZER_NONNULL = YES;
				CLANG_ANALYZER_NUMBER_OBJECT_CONVERSION = YES_AGGRESSIVE;
				CLANG_CXX_LANGUAGE_STANDARD = "gnu++17";
				CLANG_ENABLE_MODULES = YES;
				CLANG_ENABLE_OBJC_ARC = YES;
				CLANG_ENABLE_OBJC_WEAK = YES;
				CLANG_WARN_BLOCK_CAPTURE_AUTORELEASING = YES;
				CLANG_WARN_BOOL_CONVERSION = YES;
				CLANG_WARN_COMMA = YES;
				CLANG_WARN_CONSTANT_CONVERSION = YES;
				CLANG_WARN_DEPRECATED_OBJC_IMPLEMENTATIONS = YES;
				CLANG_WARN_DIRECT_OBJC_ISA_USAGE = YES_ERROR;
				CLANG_WARN_DOCUMENTATION_COMMENTS = YES;
				CLANG_WARN_EMPTY_BODY = YES;
				CLANG_WARN_ENUM_CONVERSION = YES;
				CLANG_WARN_INFINITE_RECURSION = YES;
				CLANG_WARN_INT_CONVERSION = YES;
				CLANG_WARN_NON_LITERAL_NULL_CONVERSION = YES;
				CLANG_WARN_OBJC_IMPLICIT_RETAIN_SELF = YES;
				CLANG_WARN_OBJC_LITERAL_CONVERSION = YES;
				CLANG_WARN_OBJC_ROOT_CLASS = YES_ERROR;
				CLANG_WARN_QUOTED_INCLUDE_IN_FRAMEWORK_HEADER = YES;
				CLANG_WARN_RANGE_LOOP_ANALYSIS = YES;
				CLANG_WARN_STRICT_PROTOTYPES = YES;
				CLANG_WARN_SUSPICIOUS_MOVE = YES;
				CLANG_WARN_UNGUARDED_AVAILABILITY = YES_AGGRESSIVE;
				CLANG_WARN_UNREACHABLE_CODE = YES;
				CLANG_WARN__DUPLICATE_METHOD_MATCH = YES;
				COPY_PHASE_STRIP = NO;
				DEBUG_INFORMATION_FORMAT = dwarf;
				ENABLE_STRICT_OBJC_MSGSEND = YES;
				ENABLE_TESTABILITY = YES;
				GCC_C_LANGUAGE_STANDARD = gnu11;
				GCC_DYNAMIC_NO_PIC = NO;
				GCC_NO_COMMON_BLOCKS = YES;
				GCC_OPTIMIZATION_LEVEL = 0;
				GCC_PREPROCESSOR_DEFINITIONS = (
					"DEBUG=1",
					"$(inherited)",
				);
				GCC_WARN_64_TO_32_BIT_CONVERSION = YES;
				GCC_WARN_ABOUT_RETURN_TYPE = YES_ERROR;
				GCC_WARN_UNDECLARED_SELECTOR = YES;
				GCC_WARN_UNINITIALIZED_AUTOS = YES_AGGRESSIVE;
				GCC_WARN_UNUSED_FUNCTION = YES;
				GCC_WARN_UNUSED_VARIABLE = YES;
				MACOSX_DEPLOYMENT_TARGET = 12.2;
				MTL_ENABLE_DEBUG_INFO = INCLUDE_SOURCE;
				MTL_FAST_MATH = YES;
				ONLY_ACTIVE_ARCH = YES;
				SDKROOT = macosx;
				SWIFT_ACTIVE_COMPILATION_CONDITIONS = DEBUG;
				SWIFT_OPTIMIZATION_LEVEL = "-Onone";
			};
			name = Debug;
		};
		95452AB827DF850400A47D81 /* Release */ = {
			isa = XCBuildConfiguration;
			buildSettings = {
				ALWAYS_SEARCH_USER_PATHS = NO;
				CLANG_ANALYZER_NONNULL = YES;
				CLANG_ANALYZER_NUMBER_OBJECT_CONVERSION = YES_AGGRESSIVE;
				CLANG_CXX_LANGUAGE_STANDARD = "gnu++17";
				CLANG_ENABLE_MODULES = YES;
				CLANG_ENABLE_OBJC_ARC = YES;
				CLANG_ENABLE_OBJC_WEAK = YES;
				CLANG_WARN_BLOCK_CAPTURE_AUTORELEASING = YES;
				CLANG_WARN_BOOL_CONVERSION = YES;
				CLANG_WARN_COMMA = YES;
				CLANG_WARN_CONSTANT_CONVERSION = YES;
				CLANG_WARN_DEPRECATED_OBJC_IMPLEMENTATIONS = YES;
				CLANG_WARN_DIRECT_OBJC_ISA_USAGE = YES_ERROR;
				CLANG_WARN_DOCUMENTATION_COMMENTS = YES;
				CLANG_WARN_EMPTY_BODY = YES;
				CLANG_WARN_ENUM_CONVERSION = YES;
				CLANG_WARN_INFINITE_RECURSION = YES;
				CLANG_WARN_INT_CONVERSION = YES;
				CLANG_WARN_NON_LITERAL_NULL_CONVERSION = YES;
				CLANG_WARN_OBJC_IMPLICIT_RETAIN_SELF = YES;
				CLANG_WARN_OBJC_LITERAL_CONVERSION = YES;
				CLANG_WARN_OBJC_ROOT_CLASS = YES_ERROR;
				CLANG_WARN_QUOTED_INCLUDE_IN_FRAMEWORK_HEADER = YES;
				CLANG_WARN_RANGE_LOOP_ANALYSIS = YES;
				CLANG_WARN_STRICT_PROTOTYPES = YES;
				CLANG_WARN_SUSPICIOUS_MOVE = YES;
				CLANG_WARN_UNGUARDED_AVAILABILITY = YES_AGGRESSIVE;
				CLANG_WARN_UNREACHABLE_CODE = YES;
				CLANG_WARN__DUPLICATE_METHOD_MATCH = YES;
				COPY_PHASE_STRIP = NO;
				DEBUG_INFORMATION_FORMAT = "dwarf-with-dsym";
				ENABLE_NS_ASSERTIONS = NO;
				ENABLE_STRICT_OBJC_MSGSEND = YES;
				GCC_C_LANGUAGE_STANDARD = gnu11;
				GCC_NO_COMMON_BLOCKS = YES;
				GCC_WARN_64_TO_32_BIT_CONVERSION = YES;
				GCC_WARN_ABOUT_RETURN_TYPE = YES_ERROR;
				GCC_WARN_UNDECLARED_SELECTOR = YES;
				GCC_WARN_UNINITIALIZED_AUTOS = YES_AGGRESSIVE;
				GCC_WARN_UNUSED_FUNCTION = YES;
				GCC_WARN_UNUSED_VARIABLE = YES;
				MACOSX_DEPLOYMENT_TARGET = 12.2;
				MTL_ENABLE_DEBUG_INFO = NO;
				MTL_FAST_MATH = YES;
				SDKROOT = macosx;
				SWIFT_COMPILATION_MODE = wholemodule;
				SWIFT_OPTIMIZATION_LEVEL = "-O";
			};
			name = Release;
		};
		95452ABA27DF850400A47D81 /* Debug */ = {
			isa = XCBuildConfiguration;
			buildSettings = {
				CODE_SIGN_ENTITLEMENTS = CWInflux/CWInflux.entitlements;
				CODE_SIGN_IDENTITY = "Apple Development";
				CODE_SIGN_INJECT_BASE_ENTITLEMENTS = YES;
				CODE_SIGN_STYLE = Automatic;
				CREATE_INFOPLIST_SECTION_IN_BINARY = YES;
				CURRENT_PROJECT_VERSION = 1;
				DEVELOPMENT_TEAM = T58RJ7QENS;
				ENABLE_HARDENED_RUNTIME = YES;
				INFOPLIST_FILE = CWInflux/Info.plist;
				MACOSX_DEPLOYMENT_TARGET = 12.0;
				MARKETING_VERSION = 0.1.0;
				PRODUCT_BUNDLE_IDENTIFIER = dev.kloenk.CWInflux;
				PRODUCT_NAME = "$(TARGET_NAME)";
				SWIFT_VERSION = 5.0;
			};
			name = Debug;
		};
		95452ABB27DF850400A47D81 /* Release */ = {
			isa = XCBuildConfiguration;
			buildSettings = {
				CODE_SIGN_ENTITLEMENTS = CWInflux/CWInflux.entitlements;
				CODE_SIGN_IDENTITY = "Apple Development";
				CODE_SIGN_INJECT_BASE_ENTITLEMENTS = YES;
				CODE_SIGN_STYLE = Automatic;
				CREATE_INFOPLIST_SECTION_IN_BINARY = YES;
				CURRENT_PROJECT_VERSION = 1;
				DEVELOPMENT_TEAM = T58RJ7QENS;
				ENABLE_HARDENED_RUNTIME = YES;
				INFOPLIST_FILE = CWInflux/Info.plist;
				MACOSX_DEPLOYMENT_TARGET = 12.0;
				MARKETING_VERSION = 0.1.0;
				PRODUCT_BUNDLE_IDENTIFIER = dev.kloenk.CWInflux;
				PRODUCT_NAME = "$(TARGET_NAME)";
				SWIFT_VERSION = 5.0;
			};
			name = Release;
		};
/* End XCBuildConfiguration section */

/* Begin XCConfigurationList section */
		95452AAD27DF850400A47D81 /* Build configuration list for PBXProject "CWInflux" */ = {
			isa = XCConfigurationList;
			buildConfigurations = (
				95452AB727DF850400A47D81 /* Debug */,
				95452AB827DF850400A47D81 /* Release */,
			);
			defaultConfigurationIsVisible = 0;
			defaultConfigurationName = Release;
		};
		95452AB927DF850400A47D81 /* Build configuration list for PBXNativeTarget "CWInflux" */ = {
			isa = XCConfigurationList;
			buildConfigurations = (
				95452ABA27DF850400A47D81 /* Debug */,
				95452ABB27DF850400A47D81 /* Release */,
			);
			defaultConfigurationIsVisible = 0;
			defaultConfigurationName = Release;
		};
/* End XCConfigurationList section */

/* Begin XCRemoteSwiftPackageReference section */
		95452ABD27DF858900A47D81 /* XCRemoteSwiftPackageReference "swift-argument-parser" */ = {
			isa = XCRemoteSwiftPackageReference;
			repositoryURL = "https://github.com/apple/swift-argument-parser.git";
			requirement = {
				kind = revision;
				revision = 34aff6b87d5a788fe6441248d82db905f43c9b50;
			};
		};
		95452AC027DF860C00A47D81 /* XCRemoteSwiftPackageReference "influxdb-client-swift" */ = {
			isa = XCRemoteSwiftPackageReference;
			repositoryURL = "https://github.com/influxdata/influxdb-client-swift.git";
			requirement = {
				kind = upToNextMajorVersion;
				minimumVersion = 1.0.0;
			};
		};
		95452AD627DFD4FB00A47D81 /* XCRemoteSwiftPackageReference "swift-argument-parser" */ = {
			isa = XCRemoteSwiftPackageReference;
			repositoryURL = "https://github.com/apple/swift-argument-parser.git";
			requirement = {
				kind = upToNextMajorVersion;
				minimumVersion = 1.1.0;
			};
		};
/* End XCRemoteSwiftPackageReference section */

/* Begin XCSwiftPackageProductDependency section */
		95452AC827DF8FB600A47D81 /* ArgumentParser */ = {
			isa = XCSwiftPackageProductDependency;
			package = 95452ABD27DF858900A47D81 /* XCRemoteSwiftPackageReference "swift-argument-parser" */;
			productName = ArgumentParser;
		};
		95452ACA27DF8FB900A47D81 /* InfluxDBSwift */ = {
			isa = XCSwiftPackageProductDependency;
			package = 95452AC027DF860C00A47D81 /* XCRemoteSwiftPackageReference "influxdb-client-swift" */;
			productName = InfluxDBSwift;
		};
		95452ACC27DF91F600A47D81 /* InfluxDBSwift */ = {
			isa = XCSwiftPackageProductDependency;
			package = 95452AC027DF860C00A47D81 /* XCRemoteSwiftPackageReference "influxdb-client-swift" */;
			productName = InfluxDBSwift;
		};
		95452AD727DFD4FB00A47D81 /* ArgumentParser */ = {
			isa = XCSwiftPackageProductDependency;
			package = 95452AD627DFD4FB00A47D81 /* XCRemoteSwiftPackageReference "swift-argument-parser" */;
			productName = ArgumentParser;
		};
/* End XCSwiftPackageProductDependency section */
	};
	rootObject = 95452AAA27DF850400A47D81 /* Project object */;
}
